
Microsoft Visual Studio Solution File, Format Version 12.00
# Visual Studio 2012
Project("{FAE04EC0-301F-11D3-BF4B-00C04F79EFBC}") = "01.SumOf3Integers", "01.SumOf3Integers\01.SumOf3Integers.csproj", "{73B3BFFC-2F85-46F1-9E70-EACAC9708970}"
EndProject
Project("{FAE04EC0-301F-11D3-BF4B-00C04F79EFBC}") = "02.PrintCompanyInformation", "02.PrintCompanyInformation\02.PrintCompanyInformation.csproj", "{7DD5C4C6-3AE6-461B-9D2B-9CA8CFF18F1B}"
EndProject
Project("{FAE04EC0-301F-11D3-BF4B-00C04F79EFBC}") = "03.CirclePerimeterAndArea", "03.CirclePerimeterAndArea\03.CirclePerimeterAndArea.csproj", "{CEF9BEF3-B547-4783-A27A-4130870A9091}"
EndProject
Project("{FAE04EC0-301F-11D3-BF4B-00C04F79EFBC}") = "04.NumberComparer", "04.NumberComparer\04.NumberComparer.csproj", "{13EB773F-4904-4321-9968-49C414F35765}"
EndProject
Project("{FAE04EC0-301F-11D3-BF4B-00C04F79EFBC}") = "05.FormattingNumbers", "05.FormattingNumbers\05.FormattingNumbers.csproj", "{77D11DA0-37E3-49B9-9310-18C3CA75D2F2}"
EndProject
Project("{FAE04EC0-301F-11D3-BF4B-00C04F79EFBC}") = "06.QuadraticEquation", "06.QuadraticEquation\06.QuadraticEquation.csproj", "{962DE97C-D7F1-4CA2-9A6F-267582106439}"
EndProject
Project("{FAE04EC0-301F-11D3-BF4B-00C04F79EFBC}") = "07.SumOf5Numbers", "07. SumOf5Numbers\07.SumOf5Numbers.csproj", "{B7ADE321-4AC6-410E-840D-4228E6466109}"
EndProject
Project("{FAE04EC0-301F-11D3-BF4B-00C04F79EFBC}") = "08.NumbersFrom1ToN", "08.NumbersFrom1ToN\08.NumbersFrom1ToN.csproj", "{5A2209CA-DF9F-49BB-9BA9-4ABB47FAF9BF}"
EndProject
Project("{FAE04EC0-301F-11D3-BF4B-00C04F79EFBC}") = "09.SumOfNumbersN", "09.SumOfNumbersN\09.SumOfNumbersN.csproj", "{66BA5F0E-1E58-4221-A586-B3C7F32F1DC6}"
EndProject
Project("{FAE04EC0-301F-11D3-BF4B-00C04F79EFBC}") = "10.FibonacciNumbers", "10.FibonacciNumbers\10.FibonacciNumbers.csproj", "{BF5D6F04-7DC4-4D78-B92F-B7EB42E48E63}"
EndProject
Project("{FAE04EC0-301F-11D3-BF4B-00C04F79EFBC}") = "11.DividableNumbersInInterval", "11.DividableNumbersInInterval\11.DividableNumbersInInterval.csproj", "{77CFAEB0-A9A9-4BDE-BF97-20BECFF1DF59}"
EndProject
Global
	GlobalSection(SolutionConfigurationPlatforms) = preSolution
		Debug|Any CPU = Debug|Any CPU
		Release|Any CPU = Release|Any CPU
	EndGlobalSection
	GlobalSection(ProjectConfigurationPlatforms) = postSolution
		{73B3BFFC-2F85-46F1-9E70-EACAC9708970}.Debug|Any CPU.ActiveCfg = Debug|Any CPU
		{73B3BFFC-2F85-46F1-9E70-EACAC9708970}.Debug|Any CPU.Build.0 = Debug|Any CPU
		{73B3BFFC-2F85-46F1-9E70-EACAC9708970}.Release|Any CPU.ActiveCfg = Release|Any CPU
		{73B3BFFC-2F85-46F1-9E70-EACAC9708970}.Release|Any CPU.Build.0 = Release|Any CPU
		{7DD5C4C6-3AE6-461B-9D2B-9CA8CFF18F1B}.Debug|Any CPU.ActiveCfg = Debug|Any CPU
		{7DD5C4C6-3AE6-461B-9D2B-9CA8CFF18F1B}.Debug|Any CPU.Build.0 = Debug|Any CPU
		{7DD5C4C6-3AE6-461B-9D2B-9CA8CFF18F1B}.Release|Any CPU.ActiveCfg = Release|Any CPU
		{7DD5C4C6-3AE6-461B-9D2B-9CA8CFF18F1B}.Release|Any CPU.Build.0 = Release|Any CPU
		{CEF9BEF3-B547-4783-A27A-4130870A9091}.Debug|Any CPU.ActiveCfg = Debug|Any CPU
		{CEF9BEF3-B547-4783-A27A-4130870A9091}.Debug|Any CPU.Build.0 = Debug|Any CPU
		{CEF9BEF3-B547-4783-A27A-4130870A9091}.Release|Any CPU.ActiveCfg = Release|Any CPU
		{CEF9BEF3-B547-4783-A27A-4130870A9091}.Release|Any CPU.Build.0 = Release|Any CPU
		{13EB773F-4904-4321-9968-49C414F35765}.Debug|Any CPU.ActiveCfg = Debug|Any CPU
		{13EB773F-4904-4321-9968-49C414F35765}.Debug|Any CPU.Build.0 = Debug|Any CPU
		{13EB773F-4904-4321-9968-49C414F35765}.Release|Any CPU.ActiveCfg = Release|Any CPU
		{13EB773F-4904-4321-9968-49C414F35765}.Release|Any CPU.Build.0 = Release|Any CPU
		{77D11DA0-37E3-49B9-9310-18C3CA75D2F2}.Debug|Any CPU.ActiveCfg = Debug|Any CPU
		{77D11DA0-37E3-49B9-9310-18C3CA75D2F2}.Debug|Any CPU.Build.0 = Debug|Any CPU
		{77D11DA0-37E3-49B9-9310-18C3CA75D2F2}.Release|Any CPU.ActiveCfg = Release|Any CPU
		{77D11DA0-37E3-49B9-9310-18C3CA75D2F2}.Release|Any CPU.Build.0 = Release|Any CPU
		{962DE97C-D7F1-4CA2-9A6F-267582106439}.Debug|Any CPU.ActiveCfg = Debug|Any CPU
		{962DE97C-D7F1-4CA2-9A6F-267582106439}.Debug|Any CPU.Build.0 = Debug|Any CPU
		{962DE97C-D7F1-4CA2-9A6F-267582106439}.Release|Any CPU.ActiveCfg = Release|Any CPU
		{962DE97C-D7F1-4CA2-9A6F-267582106439}.Release|Any CPU.Build.0 = Release|Any CPU
		{B7ADE321-4AC6-410E-840D-4228E6466109}.Debug|Any CPU.ActiveCfg = Debug|Any CPU
		{B7ADE321-4AC6-410E-840D-4228E6466109}.Debug|Any CPU.Build.0 = Debug|Any CPU
		{B7ADE321-4AC6-410E-840D-4228E6466109}.Release|Any CPU.ActiveCfg = Release|Any CPU
		{B7ADE321-4AC6-410E-840D-4228E6466109}.Release|Any CPU.Build.0 = Release|Any CPU
		{5A2209CA-DF9F-49BB-9BA9-4ABB47FAF9BF}.Debug|Any CPU.ActiveCfg = Debug|Any CPU
		{5A2209CA-DF9F-49BB-9BA9-4ABB47FAF9BF}.Debug|Any CPU.Build.0 = Debug|Any CPU
		{5A2209CA-DF9F-49BB-9BA9-4ABB47FAF9BF}.Release|Any CPU.ActiveCfg = Release|Any CPU
		{5A2209CA-DF9F-49BB-9BA9-4ABB47FAF9BF}.Release|Any CPU.Build.0 = Release|Any CPU
		{66BA5F0E-1E58-4221-A586-B3C7F32F1DC6}.Debug|Any CPU.ActiveCfg = Debug|Any CPU
		{66BA5F0E-1E58-4221-A586-B3C7F32F1DC6}.Debug|Any CPU.Build.0 = Debug|Any CPU
		{66BA5F0E-1E58-4221-A586-B3C7F32F1DC6}.Release|Any CPU.ActiveCfg = Release|Any CPU
		{66BA5F0E-1E58-4221-A586-B3C7F32F1DC6}.Release|Any CPU.Build.0 = Release|Any CPU
		{BF5D6F04-7DC4-4D78-B92F-B7EB42E48E63}.Debug|Any CPU.ActiveCfg = Debug|Any CPU
		{BF5D6F04-7DC4-4D78-B92F-B7EB42E48E63}.Debug|Any CPU.Build.0 = Debug|Any CPU
		{BF5D6F04-7DC4-4D78-B92F-B7EB42E48E63}.Release|Any CPU.ActiveCfg = Release|Any CPU
		{BF5D6F04-7DC4-4D78-B92F-B7EB42E48E63}.Release|Any CPU.Build.0 = Release|Any CPU
		{77CFAEB0-A9A9-4BDE-BF97-20BECFF1DF59}.Debug|Any CPU.ActiveCfg = Debug|Any CPU
		{77CFAEB0-A9A9-4BDE-BF97-20BECFF1DF59}.Debug|Any CPU.Build.0 = Debug|Any CPU
		{77CFAEB0-A9A9-4BDE-BF97-20BECFF1DF59}.Release|Any CPU.ActiveCfg = Release|Any CPU
		{77CFAEB0-A9A9-4BDE-BF97-20BECFF1DF59}.Release|Any CPU.Build.0 = Release|Any CPU
	EndGlobalSection
	GlobalSection(SolutionProperties) = preSolution
		HideSolutionNode = FALSE
	EndGlobalSection
EndGlobal
